
Microsoft Visual Studio Solution File, Format Version 12.00
# Visual Studio Version 17
VisualStudioVersion = 17.8.34511.84
MinimumVisualStudioVersion = 10.0.40219.1
Project("{9A19103F-16F7-4668-BE54-9A1E7A4F7556}") = "TranSQL.client", "FrontEndTranSQL\TranSQL.client.csproj", "{1BD7FDB5-7B9D-4A9D-9CEE-FE56BD7E75B9}"
EndProject
Project("{9A19103F-16F7-4668-BE54-9A1E7A4F7556}") = "TranSQL.server", "TranSQL.server\TranSQL.server.csproj", "{5A765866-F613-41E8-A3D5-6E6BE6879642}"
EndProject
Project("{9A19103F-16F7-4668-BE54-9A1E7A4F7556}") = "TranSQL.shared", "TranSQL.shared\TranSQL.shared.csproj", "{31EAB505-6177-4570-903D-1F9472567920}"
EndProject
Global
	GlobalSection(SolutionConfigurationPlatforms) = preSolution
		Debug|Any CPU = Debug|Any CPU
		Release|Any CPU = Release|Any CPU
	EndGlobalSection
	GlobalSection(ProjectConfigurationPlatforms) = postSolution
		{1BD7FDB5-7B9D-4A9D-9CEE-FE56BD7E75B9}.Debug|Any CPU.ActiveCfg = Debug|Any CPU
		{1BD7FDB5-7B9D-4A9D-9CEE-FE56BD7E75B9}.Debug|Any CPU.Build.0 = Debug|Any CPU
		{1BD7FDB5-7B9D-4A9D-9CEE-FE56BD7E75B9}.Release|Any CPU.ActiveCfg = Release|Any CPU
		{1BD7FDB5-7B9D-4A9D-9CEE-FE56BD7E75B9}.Release|Any CPU.Build.0 = Release|Any CPU
		{5A765866-F613-41E8-A3D5-6E6BE6879642}.Debug|Any CPU.ActiveCfg = Debug|Any CPU
		{5A765866-F613-41E8-A3D5-6E6BE6879642}.Debug|Any CPU.Build.0 = Debug|Any CPU
		{5A765866-F613-41E8-A3D5-6E6BE6879642}.Release|Any CPU.ActiveCfg = Release|Any CPU
		{5A765866-F613-41E8-A3D5-6E6BE6879642}.Release|Any CPU.Build.0 = Release|Any CPU
		{31EAB505-6177-4570-903D-1F9472567920}.Debug|Any CPU.ActiveCfg = Debug|Any CPU
		{31EAB505-6177-4570-903D-1F9472567920}.Debug|Any CPU.Build.0 = Debug|Any CPU
		{31EAB505-6177-4570-903D-1F9472567920}.Release|Any CPU.ActiveCfg = Release|Any CPU
		{31EAB505-6177-4570-903D-1F9472567920}.Release|Any CPU.Build.0 = Release|Any CPU
	EndGlobalSection
	GlobalSection(SolutionProperties) = preSolution
		HideSolutionNode = FALSE
	EndGlobalSection
	GlobalSection(ExtensibilityGlobals) = postSolution
		SolutionGuid = {E3668574-0CFA-42A0-9B26-0C8E6685A90F}
	EndGlobalSection
EndGlobal
